# This is a Gradle generated file for dependency locking.
# Manual edits can break the build and are not advised.
# This file is expected to be part of source control.
androidx.annotation:annotation-jvm:1.9.1=compileClasspath,composeHotReloadDevDevRuntimeClasspath,composeHotReloadDevRuntimeClasspath,composeHotReloadDevTestRuntimeClasspath,composeHotReloadDevTools,devCompileClasspath,devRuntimeClasspath,runtimeClasspath,testCompileClasspath,testRuntimeClasspath
androidx.annotation:annotation:1.9.1=compileClasspath,composeHotReloadDevDevRuntimeClasspath,composeHotReloadDevRuntimeClasspath,composeHotReloadDevTestRuntimeClasspath,composeHotReloadDevTools,devCompileClasspath,devRuntimeClasspath,runtimeClasspath,testCompileClasspath,testRuntimeClasspath
androidx.arch.core:core-common:2.2.0=composeHotReloadDevDevRuntimeClasspath,composeHotReloadDevRuntimeClasspath,composeHotReloadDevTestRuntimeClasspath,composeHotReloadDevTools,devRuntimeClasspath,runtimeClasspath,testRuntimeClasspath
androidx.collection:collection-jvm:1.5.0=composeHotReloadDevDevRuntimeClasspath,composeHotReloadDevRuntimeClasspath,composeHotReloadDevTestRuntimeClasspath,composeHotReloadDevTools,devRuntimeClasspath,runtimeClasspath,testRuntimeClasspath
androidx.collection:collection:1.5.0=composeHotReloadDevDevRuntimeClasspath,composeHotReloadDevRuntimeClasspath,composeHotReloadDevTestRuntimeClasspath,composeHotReloadDevTools,devRuntimeClasspath,runtimeClasspath,testRuntimeClasspath
androidx.compose.runtime:runtime-annotation-jvm:1.10.5=compileClasspath,composeHotReloadDevDevRuntimeClasspath,composeHotReloadDevRuntimeClasspath,composeHotReloadDevTestRuntimeClasspath,devCompileClasspath,devRuntimeClasspath,runtimeClasspath,testCompileClasspath,testRuntimeClasspath
androidx.compose.runtime:runtime-annotation-jvm:1.9.0=composeHotReloadDevTools
androidx.compose.runtime:runtime-annotation:1.10.5=compileClasspath,composeHotReloadDevDevRuntimeClasspath,composeHotReloadDevRuntimeClasspath,composeHotReloadDevTestRuntimeClasspath,devCompileClasspath,devRuntimeClasspath,runtimeClasspath,testCompileClasspath,testRuntimeClasspath
androidx.compose.runtime:runtime-annotation:1.9.0=composeHotReloadDevTools
androidx.compose.runtime:runtime-desktop:1.10.5=compileClasspath,composeHotReloadDevDevRuntimeClasspath,composeHotReloadDevRuntimeClasspath,composeHotReloadDevTestRuntimeClasspath,devCompileClasspath,devRuntimeClasspath,runtimeClasspath,testCompileClasspath,testRuntimeClasspath
androidx.compose.runtime:runtime-desktop:1.9.0=composeHotReloadDevTools
androidx.compose.runtime:runtime-retain-desktop:1.10.5=compileClasspath,composeHotReloadDevDevRuntimeClasspath,composeHotReloadDevRuntimeClasspath,composeHotReloadDevTestRuntimeClasspath,devCompileClasspath,devRuntimeClasspath,runtimeClasspath,testCompileClasspath,testRuntimeClasspath
androidx.compose.runtime:runtime-retain:1.10.5=compileClasspath,composeHotReloadDevDevRuntimeClasspath,composeHotReloadDevRuntimeClasspath,composeHotReloadDevTestRuntimeClasspath,devCompileClasspath,devRuntimeClasspath,runtimeClasspath,testCompileClasspath,testRuntimeClasspath
androidx.compose.runtime:runtime-saveable-desktop:1.10.5=compileClasspath,composeHotReloadDevDevRuntimeClasspath,composeHotReloadDevRuntimeClasspath,composeHotReloadDevTestRuntimeClasspath,devCompileClasspath,devRuntimeClasspath,runtimeClasspath,testCompileClasspath,testRuntimeClasspath
androidx.compose.runtime:runtime-saveable:1.10.5=compileClasspath,composeHotReloadDevDevRuntimeClasspath,composeHotReloadDevRuntimeClasspath,composeHotReloadDevTestRuntimeClasspath,devCompileClasspath,devRuntimeClasspath,runtimeClasspath,testCompileClasspath,testRuntimeClasspath
androidx.compose.runtime:runtime:1.10.5=compileClasspath,composeHotReloadDevDevRuntimeClasspath,composeHotReloadDevRuntimeClasspath,composeHotReloadDevTestRuntimeClasspath,devCompileClasspath,devRuntimeClasspath,runtimeClasspath,testCompileClasspath,testRuntimeClasspath
androidx.compose.runtime:runtime:1.9.0=composeHotReloadDevTools
androidx.lifecycle:lifecycle-common-jvm:2.9.2=composeHotReloadDevTools
androidx.lifecycle:lifecycle-common-jvm:2.9.4=compileClasspath,composeHotReloadDevDevRuntimeClasspath,composeHotReloadDevRuntimeClasspath,composeHotReloadDevTestRuntimeClasspath,devCompileClasspath,devRuntimeClasspath,runtimeClasspath,testCompileClasspath,testRuntimeClasspath
androidx.lifecycle:lifecycle-common:2.9.2=composeHotReloadDevTools
androidx.lifecycle:lifecycle-common:2.9.4=compileClasspath,composeHotReloadDevDevRuntimeClasspath,composeHotReloadDevRuntimeClasspath,composeHotReloadDevTestRuntimeClasspath,devCompileClasspath,devRuntimeClasspath,runtimeClasspath,testCompileClasspath,testRuntimeClasspath
androidx.lifecycle:lifecycle-runtime-compose-desktop:2.9.4=composeHotReloadDevDevRuntimeClasspath,composeHotReloadDevRuntimeClasspath,composeHotReloadDevTestRuntimeClasspath,devRuntimeClasspath,runtimeClasspath,testRuntimeClasspath
androidx.lifecycle:lifecycle-runtime-compose:2.9.4=composeHotReloadDevDevRuntimeClasspath,composeHotReloadDevRuntimeClasspath,composeHotReloadDevTestRuntimeClasspath,devRuntimeClasspath,runtimeClasspath,testRuntimeClasspath
androidx.lifecycle:lifecycle-runtime-desktop:2.9.2=composeHotReloadDevTools
androidx.lifecycle:lifecycle-runtime-desktop:2.9.4=composeHotReloadDevDevRuntimeClasspath,composeHotReloadDevRuntimeClasspath,composeHotReloadDevTestRuntimeClasspath,devRuntimeClasspath,runtimeClasspath,testRuntimeClasspath
androidx.lifecycle:lifecycle-runtime:2.9.2=composeHotReloadDevTools
androidx.lifecycle:lifecycle-runtime:2.9.4=composeHotReloadDevDevRuntimeClasspath,composeHotReloadDevRuntimeClasspath,composeHotReloadDevTestRuntimeClasspath,devRuntimeClasspath,runtimeClasspath,testRuntimeClasspath
androidx.lifecycle:lifecycle-viewmodel-desktop:2.9.2=composeHotReloadDevTools
androidx.lifecycle:lifecycle-viewmodel-desktop:2.9.4=composeHotReloadDevDevRuntimeClasspath,composeHotReloadDevRuntimeClasspath,composeHotReloadDevTestRuntimeClasspath,devRuntimeClasspath,runtimeClasspath,testRuntimeClasspath
androidx.lifecycle:lifecycle-viewmodel-savedstate-desktop:2.9.2=composeHotReloadDevTools
androidx.lifecycle:lifecycle-viewmodel-savedstate-desktop:2.9.4=composeHotReloadDevDevRuntimeClasspath,composeHotReloadDevRuntimeClasspath,composeHotReloadDevTestRuntimeClasspath,devRuntimeClasspath,runtimeClasspath,testRuntimeClasspath
androidx.lifecycle:lifecycle-viewmodel-savedstate:2.9.2=composeHotReloadDevTools
androidx.lifecycle:lifecycle-viewmodel-savedstate:2.9.4=composeHotReloadDevDevRuntimeClasspath,composeHotReloadDevRuntimeClasspath,composeHotReloadDevTestRuntimeClasspath,devRuntimeClasspath,runtimeClasspath,testRuntimeClasspath
androidx.lifecycle:lifecycle-viewmodel:2.9.2=composeHotReloadDevTools
androidx.lifecycle:lifecycle-viewmodel:2.9.4=composeHotReloadDevDevRuntimeClasspath,composeHotReloadDevRuntimeClasspath,composeHotReloadDevTestRuntimeClasspath,devRuntimeClasspath,runtimeClasspath,testRuntimeClasspath
androidx.navigationevent:navigationevent-desktop:1.0.2=composeHotReloadDevDevRuntimeClasspath,composeHotReloadDevRuntimeClasspath,composeHotReloadDevTestRuntimeClasspath,devRuntimeClasspath,runtimeClasspath,testRuntimeClasspath
androidx.navigationevent:navigationevent:1.0.2=composeHotReloadDevDevRuntimeClasspath,composeHotReloadDevRuntimeClasspath,composeHotReloadDevTestRuntimeClasspath,devRuntimeClasspath,runtimeClasspath,testRuntimeClasspath
androidx.savedstate:savedstate-compose-desktop:1.3.3=compileClasspath,composeHotReloadDevDevRuntimeClasspath,composeHotReloadDevRuntimeClasspath,composeHotReloadDevTestRuntimeClasspath,devCompileClasspath,devRuntimeClasspath,runtimeClasspath,testCompileClasspath,testRuntimeClasspath
androidx.savedstate:savedstate-compose:1.3.3=compileClasspath,composeHotReloadDevDevRuntimeClasspath,composeHotReloadDevRuntimeClasspath,composeHotReloadDevTestRuntimeClasspath,devCompileClasspath,devRuntimeClasspath,runtimeClasspath,testCompileClasspath,testRuntimeClasspath
androidx.savedstate:savedstate-desktop:1.3.1=composeHotReloadDevTools
androidx.savedstate:savedstate-desktop:1.3.3=compileClasspath,composeHotReloadDevDevRuntimeClasspath,composeHotReloadDevRuntimeClasspath,composeHotReloadDevTestRuntimeClasspath,devCompileClasspath,devRuntimeClasspath,runtimeClasspath,testCompileClasspath,testRuntimeClasspath
androidx.savedstate:savedstate:1.3.1=composeHotReloadDevTools
androidx.savedstate:savedstate:1.3.3=compileClasspath,composeHotReloadDevDevRuntimeClasspath,composeHotReloadDevRuntimeClasspath,composeHotReloadDevTestRuntimeClasspath,devCompileClasspath,devRuntimeClasspath,runtimeClasspath,testCompileClasspath,testRuntimeClasspath
co.touchlab:stately-concurrency-jvm:2.1.0=composeHotReloadDevDevRuntimeClasspath,composeHotReloadDevRuntimeClasspath,composeHotReloadDevTestRuntimeClasspath,devRuntimeClasspath,runtimeClasspath,testRuntimeClasspath
co.touchlab:stately-concurrency:2.1.0=composeHotReloadDevDevRuntimeClasspath,composeHotReloadDevRuntimeClasspath,composeHotReloadDevTestRuntimeClasspath,devRuntimeClasspath,runtimeClasspath,testRuntimeClasspath
co.touchlab:stately-concurrent-collections-jvm:2.1.0=composeHotReloadDevDevRuntimeClasspath,composeHotReloadDevRuntimeClasspath,composeHotReloadDevTestRuntimeClasspath,devRuntimeClasspath,runtimeClasspath,testRuntimeClasspath
co.touchlab:stately-concurrent-collections:2.1.0=composeHotReloadDevDevRuntimeClasspath,composeHotReloadDevRuntimeClasspath,composeHotReloadDevTestRuntimeClasspath,devRuntimeClasspath,runtimeClasspath,testRuntimeClasspath
co.touchlab:stately-strict-jvm:2.1.0=composeHotReloadDevDevRuntimeClasspath,composeHotReloadDevRuntimeClasspath,composeHotReloadDevTestRuntimeClasspath,devRuntimeClasspath,runtimeClasspath,testRuntimeClasspath
co.touchlab:stately-strict:2.1.0=composeHotReloadDevDevRuntimeClasspath,composeHotReloadDevRuntimeClasspath,composeHotReloadDevTestRuntimeClasspath,devRuntimeClasspath,runtimeClasspath,testRuntimeClasspath
com.icegreen:greenmail:2.1.13=composeHotReloadDevTestRuntimeClasspath,testCompileClasspath,testRuntimeClasspath
com.willowtreeapps.assertk:assertk-jvm:0.28.1=composeHotReloadDevTestRuntimeClasspath,testCompileClasspath,testRuntimeClasspath
com.willowtreeapps.opentest4k:opentest4k-jvm:1.3.0=composeHotReloadDevTestRuntimeClasspath,testRuntimeClasspath
com.willowtreeapps.opentest4k:opentest4k:1.3.0=composeHotReloadDevTestRuntimeClasspath,testRuntimeClasspath
io.github.java-diff-utils:java-diff-utils:4.12=kotlinInternalAbiValidation
io.insert-koin:koin-core-jvm:4.2.1=compileClasspath,composeHotReloadDevDevRuntimeClasspath,composeHotReloadDevRuntimeClasspath,composeHotReloadDevTestRuntimeClasspath,devCompileClasspath,devRuntimeClasspath,runtimeClasspath,testCompileClasspath,testRuntimeClasspath
io.insert-koin:koin-core:4.2.1=compileClasspath,composeHotReloadDevDevRuntimeClasspath,composeHotReloadDevRuntimeClasspath,composeHotReloadDevTestRuntimeClasspath,devCompileClasspath,devRuntimeClasspath,runtimeClasspath,testCompileClasspath,testRuntimeClasspath
io.sellmair:evas-compose-jvm:1.3.0=composeHotReloadDevTools
io.sellmair:evas-compose:1.3.0=composeHotReloadDevTools
io.sellmair:evas-jvm:1.3.0=composeHotReloadDevTools
io.sellmair:evas:1.3.0=composeHotReloadDevTools
jakarta.activation:jakarta.activation-api:2.1.4=compileClasspath,composeHotReloadDevDevRuntimeClasspath,composeHotReloadDevRuntimeClasspath,composeHotReloadDevTestRuntimeClasspath,devCompileClasspath,devRuntimeClasspath,runtimeClasspath,testCompileClasspath,testRuntimeClasspath
jakarta.mail:jakarta.mail-api:2.1.5=composeHotReloadDevTestRuntimeClasspath,testCompileClasspath,testRuntimeClasspath
junit:junit:4.13.2=composeHotReloadDevTestRuntimeClasspath,testCompileClasspath,testRuntimeClasspath
net.java.dev.jna:jna-platform:5.18.1=compileClasspath,composeHotReloadDevDevRuntimeClasspath,composeHotReloadDevRuntimeClasspath,composeHotReloadDevTestRuntimeClasspath,devCompileClasspath,devRuntimeClasspath,runtimeClasspath,testCompileClasspath,testRuntimeClasspath
net.java.dev.jna:jna:5.18.1=compileClasspath,composeHotReloadDevDevRuntimeClasspath,composeHotReloadDevRuntimeClasspath,composeHotReloadDevTestRuntimeClasspath,devCompileClasspath,devRuntimeClasspath,runtimeClasspath,testCompileClasspath,testRuntimeClasspath
org.eclipse.angus:angus-activation:2.0.3=composeHotReloadDevDevRuntimeClasspath,composeHotReloadDevRuntimeClasspath,composeHotReloadDevTestRuntimeClasspath,devRuntimeClasspath,runtimeClasspath,testRuntimeClasspath
org.eclipse.angus:jakarta.mail:2.0.5=compileClasspath,composeHotReloadDevDevRuntimeClasspath,composeHotReloadDevRuntimeClasspath,composeHotReloadDevTestRuntimeClasspath,devCompileClasspath,devRuntimeClasspath,runtimeClasspath,testCompileClasspath,testRuntimeClasspath
org.hamcrest:hamcrest-core:1.3=composeHotReloadDevTestRuntimeClasspath,testCompileClasspath,testRuntimeClasspath
org.javassist:javassist:3.30.2-GA=composeHotReloadAgent
org.jetbrains.androidx.lifecycle:lifecycle-common:2.9.4=composeHotReloadDevTools
org.jetbrains.androidx.lifecycle:lifecycle-common:2.9.6=compileClasspath,composeHotReloadDevDevRuntimeClasspath,composeHotReloadDevRuntimeClasspath,composeHotReloadDevTestRuntimeClasspath,devCompileClasspath,devRuntimeClasspath,runtimeClasspath,testCompileClasspath,testRuntimeClasspath
org.jetbrains.androidx.lifecycle:lifecycle-runtime-compose-desktop:2.9.4=composeHotReloadDevTools
org.jetbrains.androidx.lifecycle:lifecycle-runtime-compose-desktop:2.9.6=composeHotReloadDevDevRuntimeClasspath,composeHotReloadDevRuntimeClasspath,composeHotReloadDevTestRuntimeClasspath,devRuntimeClasspath,runtimeClasspath,testRuntimeClasspath
org.jetbrains.androidx.lifecycle:lifecycle-runtime-compose:2.9.4=composeHotReloadDevTools
org.jetbrains.androidx.lifecycle:lifecycle-runtime-compose:2.9.6=composeHotReloadDevDevRuntimeClasspath,composeHotReloadDevRuntimeClasspath,composeHotReloadDevTestRuntimeClasspath,devRuntimeClasspath,runtimeClasspath,testRuntimeClasspath
org.jetbrains.androidx.lifecycle:lifecycle-runtime:2.9.4=composeHotReloadDevTools
org.jetbrains.androidx.lifecycle:lifecycle-runtime:2.9.6=composeHotReloadDevDevRuntimeClasspath,composeHotReloadDevRuntimeClasspath,composeHotReloadDevTestRuntimeClasspath,devRuntimeClasspath,runtimeClasspath,testRuntimeClasspath
org.jetbrains.androidx.lifecycle:lifecycle-viewmodel-savedstate:2.9.4=composeHotReloadDevTools
org.jetbrains.androidx.lifecycle:lifecycle-viewmodel-savedstate:2.9.6=composeHotReloadDevDevRuntimeClasspath,composeHotReloadDevRuntimeClasspath,composeHotReloadDevTestRuntimeClasspath,devRuntimeClasspath,runtimeClasspath,testRuntimeClasspath
org.jetbrains.androidx.lifecycle:lifecycle-viewmodel:2.9.4=composeHotReloadDevTools
org.jetbrains.androidx.lifecycle:lifecycle-viewmodel:2.9.6=composeHotReloadDevDevRuntimeClasspath,composeHotReloadDevRuntimeClasspath,composeHotReloadDevTestRuntimeClasspath,devRuntimeClasspath,runtimeClasspath,testRuntimeClasspath
org.jetbrains.androidx.savedstate:savedstate-compose-desktop:1.3.4=composeHotReloadDevTools
org.jetbrains.androidx.savedstate:savedstate-compose-desktop:1.3.6=compileClasspath,composeHotReloadDevDevRuntimeClasspath,composeHotReloadDevRuntimeClasspath,composeHotReloadDevTestRuntimeClasspath,devCompileClasspath,devRuntimeClasspath,runtimeClasspath,testCompileClasspath,testRuntimeClasspath
org.jetbrains.androidx.savedstate:savedstate-compose:1.3.4=composeHotReloadDevTools
org.jetbrains.androidx.savedstate:savedstate-compose:1.3.6=compileClasspath,composeHotReloadDevDevRuntimeClasspath,composeHotReloadDevRuntimeClasspath,composeHotReloadDevTestRuntimeClasspath,devCompileClasspath,devRuntimeClasspath,runtimeClasspath,testCompileClasspath,testRuntimeClasspath
org.jetbrains.androidx.savedstate:savedstate:1.3.4=composeHotReloadDevTools
org.jetbrains.androidx.savedstate:savedstate:1.3.6=compileClasspath,composeHotReloadDevDevRuntimeClasspath,composeHotReloadDevRuntimeClasspath,composeHotReloadDevTestRuntimeClasspath,devCompileClasspath,devRuntimeClasspath,runtimeClasspath,testCompileClasspath,testRuntimeClasspath
org.jetbrains.compose.animation:animation-core-desktop:1.10.3=compileClasspath,composeHotReloadDevDevRuntimeClasspath,composeHotReloadDevRuntimeClasspath,composeHotReloadDevTestRuntimeClasspath,devCompileClasspath,devRuntimeClasspath,runtimeClasspath,testCompileClasspath,testRuntimeClasspath
org.jetbrains.compose.animation:animation-core-desktop:1.9.0=composeHotReloadDevTools
org.jetbrains.compose.animation:animation-core:1.10.3=compileClasspath,composeHotReloadDevDevRuntimeClasspath,composeHotReloadDevRuntimeClasspath,composeHotReloadDevTestRuntimeClasspath,devCompileClasspath,devRuntimeClasspath,runtimeClasspath,testCompileClasspath,testRuntimeClasspath
org.jetbrains.compose.animation:animation-core:1.9.0=composeHotReloadDevTools
org.jetbrains.compose.animation:animation-desktop:1.10.3=compileClasspath,composeHotReloadDevDevRuntimeClasspath,composeHotReloadDevRuntimeClasspath,composeHotReloadDevTestRuntimeClasspath,devCompileClasspath,devRuntimeClasspath,runtimeClasspath,testCompileClasspath,testRuntimeClasspath
org.jetbrains.compose.animation:animation-desktop:1.9.0=composeHotReloadDevTools
org.jetbrains.compose.animation:animation:1.10.3=compileClasspath,composeHotReloadDevDevRuntimeClasspath,composeHotReloadDevRuntimeClasspath,composeHotReloadDevTestRuntimeClasspath,devCompileClasspath,devRuntimeClasspath,runtimeClasspath,testCompileClasspath,testRuntimeClasspath
org.jetbrains.compose.animation:animation:1.9.0=composeHotReloadDevTools
org.jetbrains.compose.annotation-internal:annotation:1.10.3=composeHotReloadDevDevRuntimeClasspath,composeHotReloadDevRuntimeClasspath,composeHotReloadDevTestRuntimeClasspath,devRuntimeClasspath,runtimeClasspath,testRuntimeClasspath
org.jetbrains.compose.annotation-internal:annotation:1.9.0=composeHotReloadDevTools
org.jetbrains.compose.collection-internal:collection:1.10.3=composeHotReloadDevDevRuntimeClasspath,composeHotReloadDevRuntimeClasspath,composeHotReloadDevTestRuntimeClasspath,devRuntimeClasspath,runtimeClasspath,testRuntimeClasspath
org.jetbrains.compose.collection-internal:collection:1.9.0=composeHotReloadDevTools
org.jetbrains.compose.components:components-resources-desktop:1.9.0=composeHotReloadDevTools
org.jetbrains.compose.components:components-resources:1.9.0=composeHotReloadDevTools
org.jetbrains.compose.desktop:desktop-jvm-macos-arm64:1.10.3=composeHotReloadDevDevRuntimeClasspath,devCompileClasspath,devRuntimeClasspath
org.jetbrains.compose.desktop:desktop-jvm-macos-arm64:1.9.0=composeHotReloadDevTools
org.jetbrains.compose.desktop:desktop-jvm-windows-x64:1.10.3=compileClasspath,composeHotReloadDevDevRuntimeClasspath,composeHotReloadDevRuntimeClasspath,composeHotReloadDevTestRuntimeClasspath,devCompileClasspath,devRuntimeClasspath,runtimeClasspath,testCompileClasspath,testRuntimeClasspath
org.jetbrains.compose.desktop:desktop-jvm:1.10.3=compileClasspath,composeHotReloadDevDevRuntimeClasspath,composeHotReloadDevRuntimeClasspath,composeHotReloadDevTestRuntimeClasspath,devCompileClasspath,devRuntimeClasspath,runtimeClasspath,testCompileClasspath,testRuntimeClasspath
org.jetbrains.compose.desktop:desktop-jvm:1.9.0=composeHotReloadDevTools
org.jetbrains.compose.desktop:desktop:1.10.3=compileClasspath,composeHotReloadDevDevRuntimeClasspath,composeHotReloadDevRuntimeClasspath,composeHotReloadDevTestRuntimeClasspath,devCompileClasspath,devRuntimeClasspath,runtimeClasspath,testCompileClasspath,testRuntimeClasspath
org.jetbrains.compose.desktop:desktop:1.9.0=composeHotReloadDevTools
org.jetbrains.compose.foundation:foundation-desktop:1.10.3=compileClasspath,composeHotReloadDevDevRuntimeClasspath,composeHotReloadDevRuntimeClasspath,composeHotReloadDevTestRuntimeClasspath,devCompileClasspath,devRuntimeClasspath,runtimeClasspath,testCompileClasspath,testRuntimeClasspath
org.jetbrains.compose.foundation:foundation-desktop:1.9.0=composeHotReloadDevTools
org.jetbrains.compose.foundation:foundation-layout-desktop:1.10.3=compileClasspath,composeHotReloadDevDevRuntimeClasspath,composeHotReloadDevRuntimeClasspath,composeHotReloadDevTestRuntimeClasspath,devCompileClasspath,devRuntimeClasspath,runtimeClasspath,testCompileClasspath,testRuntimeClasspath
org.jetbrains.compose.foundation:foundation-layout-desktop:1.9.0=composeHotReloadDevTools
org.jetbrains.compose.foundation:foundation-layout:1.10.3=compileClasspath,composeHotReloadDevDevRuntimeClasspath,composeHotReloadDevRuntimeClasspath,composeHotReloadDevTestRuntimeClasspath,devCompileClasspath,devRuntimeClasspath,runtimeClasspath,testCompileClasspath,testRuntimeClasspath
org.jetbrains.compose.foundation:foundation-layout:1.9.0=composeHotReloadDevTools
org.jetbrains.compose.foundation:foundation:1.10.3=compileClasspath,composeHotReloadDevDevRuntimeClasspath,composeHotReloadDevRuntimeClasspath,composeHotReloadDevTestRuntimeClasspath,devCompileClasspath,devRuntimeClasspath,runtimeClasspath,testCompileClasspath,testRuntimeClasspath
org.jetbrains.compose.foundation:foundation:1.9.0=composeHotReloadDevTools
org.jetbrains.compose.hot-reload:hot-reload-agent:1.0.0=composeHotReloadAgent
org.jetbrains.compose.hot-reload:hot-reload-analysis:1.0.0=composeHotReloadAgent
org.jetbrains.compose.hot-reload:hot-reload-annotations-jvm:1.0.0=composeHotReloadAgent,composeHotReloadDevDevRuntimeClasspath,composeHotReloadDevRuntimeClasspath,composeHotReloadDevTestRuntimeClasspath,composeHotReloadDevTools,composeHotReloadRuntime,devCompileClasspath,devRuntimeClasspath
org.jetbrains.compose.hot-reload:hot-reload-annotations:1.0.0=composeHotReloadAgent,composeHotReloadDevDevRuntimeClasspath,composeHotReloadDevRuntimeClasspath,composeHotReloadDevTestRuntimeClasspath,composeHotReloadDevTools,composeHotReloadRuntime,devCompileClasspath,devRuntimeClasspath
org.jetbrains.compose.hot-reload:hot-reload-core:1.0.0=composeHotReloadAgent,composeHotReloadDevDevRuntimeClasspath,composeHotReloadDevRuntimeClasspath,composeHotReloadDevTestRuntimeClasspath,composeHotReloadDevTools,composeHotReloadRuntime
org.jetbrains.compose.hot-reload:hot-reload-devtools-api:1.0.0=composeHotReloadDevDevRuntimeClasspath,composeHotReloadDevRuntimeClasspath,composeHotReloadDevTestRuntimeClasspath,composeHotReloadDevTools,composeHotReloadRuntime
org.jetbrains.compose.hot-reload:hot-reload-devtools:1.0.0=composeHotReloadDevTools
org.jetbrains.compose.hot-reload:hot-reload-orchestration:1.0.0=composeHotReloadAgent,composeHotReloadDevDevRuntimeClasspath,composeHotReloadDevRuntimeClasspath,composeHotReloadDevTestRuntimeClasspath,composeHotReloadDevTools,composeHotReloadRuntime
org.jetbrains.compose.hot-reload:hot-reload-runtime-api-jvm:1.0.0=composeHotReloadDevDevRuntimeClasspath,composeHotReloadDevTools,devCompileClasspath,devRuntimeClasspath
org.jetbrains.compose.hot-reload:hot-reload-runtime-api:1.0.0=composeHotReloadDevDevRuntimeClasspath,composeHotReloadDevTools,devCompileClasspath,devRuntimeClasspath
org.jetbrains.compose.hot-reload:hot-reload-runtime-jvm:1.0.0=composeHotReloadDevDevRuntimeClasspath,composeHotReloadDevRuntimeClasspath,composeHotReloadDevTestRuntimeClasspath,composeHotReloadRuntime
org.jetbrains.compose.material3:material3-desktop:1.8.2=composeHotReloadDevTools
org.jetbrains.compose.material3:material3-desktop:1.9.0=composeHotReloadDevDevRuntimeClasspath,composeHotReloadDevRuntimeClasspath,composeHotReloadDevTestRuntimeClasspath,devRuntimeClasspath,runtimeClasspath,testRuntimeClasspath
org.jetbrains.compose.material3:material3:1.8.2=composeHotReloadDevTools
org.jetbrains.compose.material3:material3:1.9.0=composeHotReloadDevDevRuntimeClasspath,composeHotReloadDevRuntimeClasspath,composeHotReloadDevTestRuntimeClasspath,devRuntimeClasspath,runtimeClasspath,testRuntimeClasspath
org.jetbrains.compose.material:material-desktop:1.10.3=compileClasspath,composeHotReloadDevDevRuntimeClasspath,composeHotReloadDevRuntimeClasspath,composeHotReloadDevTestRuntimeClasspath,devCompileClasspath,devRuntimeClasspath,runtimeClasspath,testCompileClasspath,testRuntimeClasspath
org.jetbrains.compose.material:material-desktop:1.9.0=composeHotReloadDevTools
org.jetbrains.compose.material:material-icons-core-desktop:1.7.3=composeHotReloadDevTools
org.jetbrains.compose.material:material-icons-core:1.7.3=composeHotReloadDevTools
org.jetbrains.compose.material:material-ripple-desktop:1.10.3=compileClasspath,composeHotReloadDevDevRuntimeClasspath,composeHotReloadDevRuntimeClasspath,composeHotReloadDevTestRuntimeClasspath,devCompileClasspath,devRuntimeClasspath,runtimeClasspath,testCompileClasspath,testRuntimeClasspath
org.jetbrains.compose.material:material-ripple-desktop:1.9.0=composeHotReloadDevTools
org.jetbrains.compose.material:material-ripple:1.10.3=compileClasspath,composeHotReloadDevDevRuntimeClasspath,composeHotReloadDevRuntimeClasspath,composeHotReloadDevTestRuntimeClasspath,devCompileClasspath,devRuntimeClasspath,runtimeClasspath,testCompileClasspath,testRuntimeClasspath
org.jetbrains.compose.material:material-ripple:1.9.0=composeHotReloadDevTools
org.jetbrains.compose.material:material:1.10.3=compileClasspath,composeHotReloadDevDevRuntimeClasspath,composeHotReloadDevRuntimeClasspath,composeHotReloadDevTestRuntimeClasspath,devCompileClasspath,devRuntimeClasspath,runtimeClasspath,testCompileClasspath,testRuntimeClasspath
org.jetbrains.compose.material:material:1.9.0=composeHotReloadDevTools
org.jetbrains.compose.runtime:runtime-desktop:1.10.3=compileClasspath,composeHotReloadDevDevRuntimeClasspath,composeHotReloadDevRuntimeClasspath,composeHotReloadDevTestRuntimeClasspath,devCompileClasspath,devRuntimeClasspath,runtimeClasspath,testCompileClasspath,testRuntimeClasspath
org.jetbrains.compose.runtime:runtime-desktop:1.9.0=composeHotReloadDevTools
org.jetbrains.compose.runtime:runtime-saveable-desktop:1.10.3=compileClasspath,composeHotReloadDevDevRuntimeClasspath,composeHotReloadDevRuntimeClasspath,composeHotReloadDevTestRuntimeClasspath,devCompileClasspath,devRuntimeClasspath,runtimeClasspath,testCompileClasspath,testRuntimeClasspath
org.jetbrains.compose.runtime:runtime-saveable-desktop:1.9.0=composeHotReloadDevTools
org.jetbrains.compose.runtime:runtime-saveable:1.10.3=compileClasspath,composeHotReloadDevDevRuntimeClasspath,composeHotReloadDevRuntimeClasspath,composeHotReloadDevTestRuntimeClasspath,devCompileClasspath,devRuntimeClasspath,runtimeClasspath,testCompileClasspath,testRuntimeClasspath
org.jetbrains.compose.runtime:runtime-saveable:1.9.0=composeHotReloadDevTools
org.jetbrains.compose.runtime:runtime:1.10.3=compileClasspath,composeHotReloadDevDevRuntimeClasspath,composeHotReloadDevRuntimeClasspath,composeHotReloadDevTestRuntimeClasspath,devCompileClasspath,devRuntimeClasspath,runtimeClasspath,testCompileClasspath,testRuntimeClasspath
org.jetbrains.compose.runtime:runtime:1.9.0=composeHotReloadDevTools
org.jetbrains.compose.ui:ui-backhandler-desktop:1.10.3=composeHotReloadDevDevRuntimeClasspath,composeHotReloadDevRuntimeClasspath,composeHotReloadDevTestRuntimeClasspath,devRuntimeClasspath,runtimeClasspath,testRuntimeClasspath
org.jetbrains.compose.ui:ui-backhandler-desktop:1.9.0=composeHotReloadDevTools
org.jetbrains.compose.ui:ui-backhandler:1.10.3=composeHotReloadDevDevRuntimeClasspath,composeHotReloadDevRuntimeClasspath,composeHotReloadDevTestRuntimeClasspath,devRuntimeClasspath,runtimeClasspath,testRuntimeClasspath
org.jetbrains.compose.ui:ui-backhandler:1.9.0=composeHotReloadDevTools
org.jetbrains.compose.ui:ui-desktop:1.10.3=compileClasspath,composeHotReloadDevDevRuntimeClasspath,composeHotReloadDevRuntimeClasspath,composeHotReloadDevTestRuntimeClasspath,devCompileClasspath,devRuntimeClasspath,runtimeClasspath,testCompileClasspath,testRuntimeClasspath
org.jetbrains.compose.ui:ui-desktop:1.9.0=composeHotReloadDevTools
org.jetbrains.compose.ui:ui-geometry-desktop:1.10.3=compileClasspath,composeHotReloadDevDevRuntimeClasspath,composeHotReloadDevRuntimeClasspath,composeHotReloadDevTestRuntimeClasspath,devCompileClasspath,devRuntimeClasspath,runtimeClasspath,testCompileClasspath,testRuntimeClasspath
org.jetbrains.compose.ui:ui-geometry-desktop:1.9.0=composeHotReloadDevTools
org.jetbrains.compose.ui:ui-geometry:1.10.3=compileClasspath,composeHotReloadDevDevRuntimeClasspath,composeHotReloadDevRuntimeClasspath,composeHotReloadDevTestRuntimeClasspath,devCompileClasspath,devRuntimeClasspath,runtimeClasspath,testCompileClasspath,testRuntimeClasspath
org.jetbrains.compose.ui:ui-geometry:1.9.0=composeHotReloadDevTools
org.jetbrains.compose.ui:ui-graphics-desktop:1.10.3=compileClasspath,composeHotReloadDevDevRuntimeClasspath,composeHotReloadDevRuntimeClasspath,composeHotReloadDevTestRuntimeClasspath,devCompileClasspath,devRuntimeClasspath,runtimeClasspath,testCompileClasspath,testRuntimeClasspath
org.jetbrains.compose.ui:ui-graphics-desktop:1.9.0=composeHotReloadDevTools
org.jetbrains.compose.ui:ui-graphics:1.10.3=compileClasspath,composeHotReloadDevDevRuntimeClasspath,composeHotReloadDevRuntimeClasspath,composeHotReloadDevTestRuntimeClasspath,devCompileClasspath,devRuntimeClasspath,runtimeClasspath,testCompileClasspath,testRuntimeClasspath
org.jetbrains.compose.ui:ui-graphics:1.9.0=composeHotReloadDevTools
org.jetbrains.compose.ui:ui-text-desktop:1.10.3=compileClasspath,composeHotReloadDevDevRuntimeClasspath,composeHotReloadDevRuntimeClasspath,composeHotReloadDevTestRuntimeClasspath,devCompileClasspath,devRuntimeClasspath,runtimeClasspath,testCompileClasspath,testRuntimeClasspath
org.jetbrains.compose.ui:ui-text-desktop:1.9.0=composeHotReloadDevTools
org.jetbrains.compose.ui:ui-text:1.10.3=compileClasspath,composeHotReloadDevDevRuntimeClasspath,composeHotReloadDevRuntimeClasspath,composeHotReloadDevTestRuntimeClasspath,devCompileClasspath,devRuntimeClasspath,runtimeClasspath,testCompileClasspath,testRuntimeClasspath
org.jetbrains.compose.ui:ui-text:1.9.0=composeHotReloadDevTools
org.jetbrains.compose.ui:ui-tooling-preview-desktop:1.10.3=compileClasspath,composeHotReloadDevDevRuntimeClasspath,composeHotReloadDevRuntimeClasspath,composeHotReloadDevTestRuntimeClasspath,devCompileClasspath,devRuntimeClasspath,runtimeClasspath,testCompileClasspath,testRuntimeClasspath
org.jetbrains.compose.ui:ui-tooling-preview-desktop:1.9.0=composeHotReloadDevTools
org.jetbrains.compose.ui:ui-tooling-preview:1.10.3=compileClasspath,composeHotReloadDevDevRuntimeClasspath,composeHotReloadDevRuntimeClasspath,composeHotReloadDevTestRuntimeClasspath,devCompileClasspath,devRuntimeClasspath,runtimeClasspath,testCompileClasspath,testRuntimeClasspath
org.jetbrains.compose.ui:ui-tooling-preview:1.9.0=composeHotReloadDevTools
org.jetbrains.compose.ui:ui-unit-desktop:1.10.3=compileClasspath,composeHotReloadDevDevRuntimeClasspath,composeHotReloadDevRuntimeClasspath,composeHotReloadDevTestRuntimeClasspath,devCompileClasspath,devRuntimeClasspath,runtimeClasspath,testCompileClasspath,testRuntimeClasspath
org.jetbrains.compose.ui:ui-unit-desktop:1.9.0=composeHotReloadDevTools
org.jetbrains.compose.ui:ui-unit:1.10.3=compileClasspath,composeHotReloadDevDevRuntimeClasspath,composeHotReloadDevRuntimeClasspath,composeHotReloadDevTestRuntimeClasspath,devCompileClasspath,devRuntimeClasspath,runtimeClasspath,testCompileClasspath,testRuntimeClasspath
org.jetbrains.compose.ui:ui-unit:1.9.0=composeHotReloadDevTools
org.jetbrains.compose.ui:ui-util-desktop:1.10.3=compileClasspath,composeHotReloadDevDevRuntimeClasspath,composeHotReloadDevRuntimeClasspath,composeHotReloadDevTestRuntimeClasspath,devCompileClasspath,devRuntimeClasspath,runtimeClasspath,testCompileClasspath,testRuntimeClasspath
org.jetbrains.compose.ui:ui-util-desktop:1.9.0=composeHotReloadDevTools
org.jetbrains.compose.ui:ui-util:1.10.3=compileClasspath,composeHotReloadDevDevRuntimeClasspath,composeHotReloadDevRuntimeClasspath,composeHotReloadDevTestRuntimeClasspath,devCompileClasspath,devRuntimeClasspath,runtimeClasspath,testCompileClasspath,testRuntimeClasspath
org.jetbrains.compose.ui:ui-util:1.9.0=composeHotReloadDevTools
org.jetbrains.compose.ui:ui:1.10.3=compileClasspath,composeHotReloadDevDevRuntimeClasspath,composeHotReloadDevRuntimeClasspath,composeHotReloadDevTestRuntimeClasspath,devCompileClasspath,devRuntimeClasspath,runtimeClasspath,testCompileClasspath,testRuntimeClasspath
org.jetbrains.compose.ui:ui:1.9.0=composeHotReloadDevTools
org.jetbrains.kotlin:abi-tools-api:2.3.21=kotlinInternalAbiValidation
org.jetbrains.kotlin:abi-tools:2.3.21=kotlinInternalAbiValidation
org.jetbrains.kotlin:kotlin-build-tools-api:2.3.21=kotlinBuildToolsApiClasspath,kotlinCompilerClasspath
org.jetbrains.kotlin:kotlin-build-tools-compat:2.3.21=kotlinBuildToolsApiClasspath,kotlinCompilerClasspath
org.jetbrains.kotlin:kotlin-build-tools-cri-impl:2.3.21=kotlinBuildToolsApiClasspath,kotlinCompilerClasspath
org.jetbrains.kotlin:kotlin-build-tools-impl:2.3.21=kotlinBuildToolsApiClasspath,kotlinCompilerClasspath
org.jetbrains.kotlin:kotlin-compiler-embeddable:2.3.21=kotlinBuildToolsApiClasspath,kotlinCompilerClasspath,kotlinKlibCommonizerClasspath
org.jetbrains.kotlin:kotlin-compiler-runner:2.3.21=kotlinBuildToolsApiClasspath,kotlinCompilerClasspath
org.jetbrains.kotlin:kotlin-compose-compiler-plugin-embeddable:2.3.21=kotlinCompilerPluginClasspathDev,kotlinCompilerPluginClasspathMain,kotlinCompilerPluginClasspathTest
org.jetbrains.kotlin:kotlin-daemon-client:2.3.21=kotlinBuildToolsApiClasspath,kotlinCompilerClasspath
org.jetbrains.kotlin:kotlin-daemon-embeddable:2.3.21=kotlinBuildToolsApiClasspath,kotlinCompilerClasspath,kotlinKlibCommonizerClasspath
org.jetbrains.kotlin:kotlin-klib-abi-reader:2.3.21=kotlinInternalAbiValidation
org.jetbrains.kotlin:kotlin-klib-commonizer-embeddable:2.3.21=kotlinKlibCommonizerClasspath
org.jetbrains.kotlin:kotlin-metadata-jvm:2.3.21=kotlinInternalAbiValidation
org.jetbrains.kotlin:kotlin-reflect:1.6.10=kotlinBuildToolsApiClasspath,kotlinCompilerClasspath,kotlinKlibCommonizerClasspath
org.jetbrains.kotlin:kotlin-script-runtime:2.3.21=kotlinBuildToolsApiClasspath,kotlinCompilerClasspath,kotlinCompilerPluginClasspathDev,kotlinCompilerPluginClasspathMain,kotlinCompilerPluginClasspathTest,kotlinKlibCommonizerClasspath
org.jetbrains.kotlin:kotlin-scripting-common:2.3.21=kotlinCompilerPluginClasspathDev,kotlinCompilerPluginClasspathMain,kotlinCompilerPluginClasspathTest
org.jetbrains.kotlin:kotlin-scripting-compiler-embeddable:2.3.21=kotlinCompilerPluginClasspathDev,kotlinCompilerPluginClasspathMain,kotlinCompilerPluginClasspathTest
org.jetbrains.kotlin:kotlin-scripting-compiler-impl-embeddable:2.3.21=kotlinCompilerPluginClasspathDev,kotlinCompilerPluginClasspathMain,kotlinCompilerPluginClasspathTest
org.jetbrains.kotlin:kotlin-scripting-jvm:2.3.21=kotlinCompilerPluginClasspathDev,kotlinCompilerPluginClasspathMain,kotlinCompilerPluginClasspathTest
org.jetbrains.kotlin:kotlin-stdlib-common:2.1.21=composeHotReloadDevTools
org.jetbrains.kotlin:kotlin-stdlib-jdk7:2.1.21=composeHotReloadDevTools
org.jetbrains.kotlin:kotlin-stdlib-jdk7:2.2.20=composeHotReloadDevDevRuntimeClasspath,composeHotReloadDevRuntimeClasspath,composeHotReloadDevTestRuntimeClasspath,devRuntimeClasspath,runtimeClasspath,testRuntimeClasspath
org.jetbrains.kotlin:kotlin-stdlib-jdk8:2.1.21=composeHotReloadDevTools
org.jetbrains.kotlin:kotlin-stdlib-jdk8:2.2.20=composeHotReloadDevDevRuntimeClasspath,composeHotReloadDevRuntimeClasspath,composeHotReloadDevTestRuntimeClasspath,devRuntimeClasspath,runtimeClasspath,testRuntimeClasspath
org.jetbrains.kotlin:kotlin-stdlib:2.1.21=composeHotReloadDevTools,composeHotReloadRuntime
org.jetbrains.kotlin:kotlin-stdlib:2.3.21=compileClasspath,composeHotReloadDevDevRuntimeClasspath,composeHotReloadDevRuntimeClasspath,composeHotReloadDevTestRuntimeClasspath,devCompileClasspath,devRuntimeClasspath,kotlinBuildToolsApiClasspath,kotlinCompilerClasspath,kotlinCompilerPluginClasspathDev,kotlinCompilerPluginClasspathMain,kotlinCompilerPluginClasspathTest,kotlinInternalAbiValidation,kotlinKlibCommonizerClasspath,runtimeClasspath,testCompileClasspath,testRuntimeClasspath
org.jetbrains.kotlin:kotlin-test-junit:2.3.21=composeHotReloadDevTestRuntimeClasspath,testCompileClasspath,testRuntimeClasspath
org.jetbrains.kotlin:kotlin-test:2.3.21=composeHotReloadDevTestRuntimeClasspath,testCompileClasspath,testRuntimeClasspath
org.jetbrains.kotlin:kotlin-tooling-core:2.3.21=kotlinBuildToolsApiClasspath,kotlinCompilerClasspath
org.jetbrains.kotlinx:atomicfu-jvm:0.23.2=composeHotReloadDevDevRuntimeClasspath,composeHotReloadDevRuntimeClasspath,composeHotReloadDevTestRuntimeClasspath,composeHotReloadDevTools,devRuntimeClasspath,runtimeClasspath,testRuntimeClasspath
org.jetbrains.kotlinx:atomicfu:0.23.2=composeHotReloadDevDevRuntimeClasspath,composeHotReloadDevRuntimeClasspath,composeHotReloadDevTestRuntimeClasspath,composeHotReloadDevTools,devRuntimeClasspath,runtimeClasspath,testRuntimeClasspath
org.jetbrains.kotlinx:kotlinx-coroutines-bom:1.10.2=compileClasspath,composeHotReloadDevDevRuntimeClasspath,composeHotReloadDevRuntimeClasspath,composeHotReloadDevTestRuntimeClasspath,composeHotReloadDevTools,devCompileClasspath,devRuntimeClasspath,runtimeClasspath,testCompileClasspath,testRuntimeClasspath
org.jetbrains.kotlinx:kotlinx-coroutines-core-jvm:1.10.2=compileClasspath,composeHotReloadDevDevRuntimeClasspath,composeHotReloadDevRuntimeClasspath,composeHotReloadDevTestRuntimeClasspath,composeHotReloadDevTools,devCompileClasspath,devRuntimeClasspath,runtimeClasspath,testCompileClasspath,testRuntimeClasspath
org.jetbrains.kotlinx:kotlinx-coroutines-core-jvm:1.8.0=kotlinBuildToolsApiClasspath,kotlinCompilerClasspath,kotlinKlibCommonizerClasspath
org.jetbrains.kotlinx:kotlinx-coroutines-core:1.10.2=compileClasspath,composeHotReloadDevDevRuntimeClasspath,composeHotReloadDevRuntimeClasspath,composeHotReloadDevTestRuntimeClasspath,composeHotReloadDevTools,devCompileClasspath,devRuntimeClasspath,runtimeClasspath,testCompileClasspath,testRuntimeClasspath
org.jetbrains.kotlinx:kotlinx-coroutines-swing:1.10.2=compileClasspath,composeHotReloadDevDevRuntimeClasspath,composeHotReloadDevRuntimeClasspath,composeHotReloadDevTestRuntimeClasspath,composeHotReloadDevTools,devCompileClasspath,devRuntimeClasspath,runtimeClasspath,testCompileClasspath,testRuntimeClasspath
org.jetbrains.kotlinx:kotlinx-coroutines-test-jvm:1.10.2=composeHotReloadDevTestRuntimeClasspath,testCompileClasspath,testRuntimeClasspath
org.jetbrains.kotlinx:kotlinx-coroutines-test:1.10.2=composeHotReloadDevTestRuntimeClasspath,testCompileClasspath,testRuntimeClasspath
org.jetbrains.kotlinx:kotlinx-datetime-jvm:0.7.1=composeHotReloadDevDevRuntimeClasspath,composeHotReloadDevRuntimeClasspath,composeHotReloadDevTestRuntimeClasspath,composeHotReloadDevTools,devRuntimeClasspath,runtimeClasspath,testRuntimeClasspath
org.jetbrains.kotlinx:kotlinx-datetime:0.7.1=composeHotReloadDevDevRuntimeClasspath,composeHotReloadDevRuntimeClasspath,composeHotReloadDevTestRuntimeClasspath,composeHotReloadDevTools,devRuntimeClasspath,runtimeClasspath,testRuntimeClasspath
org.jetbrains.kotlinx:kotlinx-serialization-bom:1.7.3=compileClasspath,composeHotReloadDevDevRuntimeClasspath,composeHotReloadDevRuntimeClasspath,composeHotReloadDevTestRuntimeClasspath,composeHotReloadDevTools,devCompileClasspath,devRuntimeClasspath,runtimeClasspath,testCompileClasspath,testRuntimeClasspath
org.jetbrains.kotlinx:kotlinx-serialization-core-jvm:1.7.3=compileClasspath,composeHotReloadDevDevRuntimeClasspath,composeHotReloadDevRuntimeClasspath,composeHotReloadDevTestRuntimeClasspath,composeHotReloadDevTools,devCompileClasspath,devRuntimeClasspath,runtimeClasspath,testCompileClasspath,testRuntimeClasspath
org.jetbrains.kotlinx:kotlinx-serialization-core:1.7.3=compileClasspath,composeHotReloadDevDevRuntimeClasspath,composeHotReloadDevRuntimeClasspath,composeHotReloadDevTestRuntimeClasspath,composeHotReloadDevTools,devCompileClasspath,devRuntimeClasspath,runtimeClasspath,testCompileClasspath,testRuntimeClasspath
org.jetbrains.runtime:jbr-api:1.5.0=composeHotReloadDevDevRuntimeClasspath,composeHotReloadDevRuntimeClasspath,composeHotReloadDevTestRuntimeClasspath,composeHotReloadDevTools,devRuntimeClasspath,runtimeClasspath,testRuntimeClasspath
org.jetbrains.skiko:skiko-awt-runtime-macos-arm64:0.9.22.2=composeHotReloadDevTools
org.jetbrains.skiko:skiko-awt-runtime-macos-arm64:0.9.37.4=composeHotReloadDevDevRuntimeClasspath,devRuntimeClasspath
org.jetbrains.skiko:skiko-awt-runtime-windows-x64:0.9.37.4=composeHotReloadDevDevRuntimeClasspath,composeHotReloadDevRuntimeClasspath,composeHotReloadDevTestRuntimeClasspath,devRuntimeClasspath,runtimeClasspath,testRuntimeClasspath
org.jetbrains.skiko:skiko-awt:0.9.22.2=composeHotReloadDevTools
org.jetbrains.skiko:skiko-awt:0.9.37.4=compileClasspath,composeHotReloadDevDevRuntimeClasspath,composeHotReloadDevRuntimeClasspath,composeHotReloadDevTestRuntimeClasspath,devCompileClasspath,devRuntimeClasspath,runtimeClasspath,testCompileClasspath,testRuntimeClasspath
org.jetbrains.skiko:skiko:0.9.22.2=composeHotReloadDevTools
org.jetbrains.skiko:skiko:0.9.37.4=compileClasspath,composeHotReloadDevDevRuntimeClasspath,composeHotReloadDevRuntimeClasspath,composeHotReloadDevTestRuntimeClasspath,devCompileClasspath,devRuntimeClasspath,runtimeClasspath,testCompileClasspath,testRuntimeClasspath
org.jetbrains:annotations:13.0=composeHotReloadRuntime,kotlinBuildToolsApiClasspath,kotlinCompilerClasspath,kotlinCompilerPluginClasspathDev,kotlinCompilerPluginClasspathMain,kotlinCompilerPluginClasspathTest,kotlinInternalAbiValidation,kotlinKlibCommonizerClasspath
org.jetbrains:annotations:23.0.0=compileClasspath,composeHotReloadDevDevRuntimeClasspath,composeHotReloadDevRuntimeClasspath,composeHotReloadDevTestRuntimeClasspath,composeHotReloadDevTools,devCompileClasspath,devRuntimeClasspath,runtimeClasspath,testCompileClasspath,testRuntimeClasspath
org.jsoup:jsoup:1.23.2=compileClasspath,composeHotReloadDevDevRuntimeClasspath,composeHotReloadDevRuntimeClasspath,composeHotReloadDevTestRuntimeClasspath,devCompileClasspath,devRuntimeClasspath,runtimeClasspath,testCompileClasspath,testRuntimeClasspath
org.jspecify:jspecify:1.0.0=compileClasspath,composeHotReloadDevDevRuntimeClasspath,composeHotReloadDevRuntimeClasspath,composeHotReloadDevTestRuntimeClasspath,composeHotReloadDevTools,devCompileClasspath,devRuntimeClasspath,runtimeClasspath,testCompileClasspath,testRuntimeClasspath
org.opentest4j:opentest4j:1.3.0=composeHotReloadDevTestRuntimeClasspath,testRuntimeClasspath
org.ow2.asm:asm-tree:9.8=composeHotReloadAgent
org.ow2.asm:asm:9.8=composeHotReloadAgent
org.slf4j:slf4j-api:1.7.36=composeHotReloadDevTestRuntimeClasspath,testCompileClasspath,testRuntimeClasspath
empty=annotationProcessor,devAnnotationProcessor,devImplementationDependenciesMetadata,devKotlinScriptDefExtensions,implementationDependenciesMetadata,kotlinCompilerPluginClasspath,kotlinNativeCompilerPluginClasspath,kotlinScriptDefExtensions,testAnnotationProcessor,testImplementationDependenciesMetadata,testKotlinScriptDefExtensions
